
Microsoft Visual Studio Solution File, Format Version 12.00
# Visual Studio Version 17
VisualStudioVersion = 17.7.34202.233
MinimumVisualStudioVersion = 10.0.40219.1
Project("{9A19103F-16F7-4668-BE54-9A1E7A4F7556}") = "SabalanTracking", "SabalanTracking\SabalanTracking.csproj", "{61DCE02E-8065-45FF-BCD0-515745C9A434}"
EndProject
Global
	GlobalSection(SolutionConfigurationPlatforms) = preSolution
		Debug|Any CPU = Debug|Any CPU
		Release|Any CPU = Release|Any CPU
	EndGlobalSection
	GlobalSection(ProjectConfigurationPlatforms) = postSolution
		{61DCE02E-8065-45FF-BCD0-515745C9A434}.Debug|Any CPU.ActiveCfg = Debug|Any CPU
		{61DCE02E-8065-45FF-BCD0-515745C9A434}.Debug|Any CPU.Build.0 = Debug|Any CPU
		{61DCE02E-8065-45FF-BCD0-515745C9A434}.Release|Any CPU.ActiveCfg = Release|Any CPU
		{61DCE02E-8065-45FF-BCD0-515745C9A434}.Release|Any CPU.Build.0 = Release|Any CPU
	EndGlobalSection
	GlobalSection(SolutionProperties) = preSolution
		HideSolutionNode = FALSE
	EndGlobalSection
	GlobalSection(ExtensibilityGlobals) = postSolution
		SolutionGuid = {F68225EB-FF44-4523-8426-5A1CB9F9612E}
	EndGlobalSection
EndGlobal
